// !$*UTF8*$!
{
	archiveVersion = 1;
	classes = {
	};
	objectVersion = 55;
	objects = {

/* Begin PBXBuildFile section */
		7D2DA2A12911BE1600DB870E /* String + Localizable.swift in Sources */ = {isa = PBXBuildFile; fileRef = 7D2DA2A02911BE1600DB870E /* String + Localizable.swift */; };
		7D2F91F42907218E000C7480 /* DataFetcherService.swift in Sources */ = {isa = PBXBuildFile; fileRef = 7D2F91F32907218D000C7480 /* DataFetcherService.swift */; };
		7D2F91F6290721B6000C7480 /* NetworkDataFetcher.swift in Sources */ = {isa = PBXBuildFile; fileRef = 7D2F91F5290721B5000C7480 /* NetworkDataFetcher.swift */; };
		7D2F91FA29072F50000C7480 /* ImageDownloadService.swift in Sources */ = {isa = PBXBuildFile; fileRef = 7D2F91F929072F4F000C7480 /* ImageDownloadService.swift */; };
		7D2F91FD2908794A000C7480 /* LanguageRequest.swift in Sources */ = {isa = PBXBuildFile; fileRef = 7D2F91FC2908794A000C7480 /* LanguageRequest.swift */; };
		7D2F920029096034000C7480 /* Date + ConvertDate.swift in Sources */ = {isa = PBXBuildFile; fileRef = 7D2F91FF29096034000C7480 /* Date + ConvertDate.swift */; };
		7D2F9202290964D4000C7480 /* UIViewController + SetupRequestAlert.swift in Sources */ = {isa = PBXBuildFile; fileRef = 7D2F9201290964D4000C7480 /* UIViewController + SetupRequestAlert.swift */; };
		7D2F920D290B05EE000C7480 /* AnimeModel.swift in Sources */ = {isa = PBXBuildFile; fileRef = 7D2F920C290B05EE000C7480 /* AnimeModel.swift */; };
		7D2F920F290B0669000C7480 /* AnimeCellAdapter.swift in Sources */ = {isa = PBXBuildFile; fileRef = 7D2F920E290B0669000C7480 /* AnimeCellAdapter.swift */; };
		7D2F9246290C6650000C7480 /* UIViewController + CustomBarButton.swift in Sources */ = {isa = PBXBuildFile; fileRef = 7D2F9245290C664F000C7480 /* UIViewController + CustomBarButton.swift */; };
		7D2F924B290D3737000C7480 /* Constants.swift in Sources */ = {isa = PBXBuildFile; fileRef = 7D2F924A290D3737000C7480 /* Constants.swift */; };
		7D2F924D290D3DE1000C7480 /* UICollectionView + Extensions.swift in Sources */ = {isa = PBXBuildFile; fileRef = 7D2F924C290D3DE0000C7480 /* UICollectionView + Extensions.swift */; };
		7D2F9252290D4F0D000C7480 /* SnapKit in Frameworks */ = {isa = PBXBuildFile; productRef = 7D2F9251290D4F0D000C7480 /* SnapKit */; };
		7D2F9255290D5222000C7480 /* SnapKit in Frameworks */ = {isa = PBXBuildFile; productRef = 7D2F9254290D5222000C7480 /* SnapKit */; };
		7D32DD042915ACDF00C2A472 /* UIViewController + ShowAlertError.swift in Sources */ = {isa = PBXBuildFile; fileRef = 7D32DD032915ACDF00C2A472 /* UIViewController + ShowAlertError.swift */; };
		7D32DD082918E58600C2A472 /* RecoverableError.swift in Sources */ = {isa = PBXBuildFile; fileRef = 7D32DD072918E58600C2A472 /* RecoverableError.swift */; };
		7D32DD192918EA8500C2A472 /* AnimeListPresenterTests.swift in Sources */ = {isa = PBXBuildFile; fileRef = 7D32DD182918EA8500C2A472 /* AnimeListPresenterTests.swift */; };
		7D32DD1B29191DE100C2A472 /* DataFetcherProxySpy.swift in Sources */ = {isa = PBXBuildFile; fileRef = 7D32DD1A29191DE100C2A472 /* DataFetcherProxySpy.swift */; };
		7D32DD1D29191DFA00C2A472 /* MockAnimeListRouter.swift in Sources */ = {isa = PBXBuildFile; fileRef = 7D32DD1C29191DFA00C2A472 /* MockAnimeListRouter.swift */; };
		7D32DD1F29191E1200C2A472 /* AnimeListViewStub.swift in Sources */ = {isa = PBXBuildFile; fileRef = 7D32DD1E29191E1200C2A472 /* AnimeListViewStub.swift */; };
		7D32DD2429193EB100C2A472 /* DataFetcherProxyTests.swift in Sources */ = {isa = PBXBuildFile; fileRef = 7D32DD2329193EB100C2A472 /* DataFetcherProxyTests.swift */; };
		7D44E7CE2904347A00C6ABE7 /* Localizable.strings in Resources */ = {isa = PBXBuildFile; fileRef = 7D44E7CC2904347A00C6ABE7 /* Localizable.strings */; };
		7D46E3502912599300185F0A /* DataFetcherProxy.swift in Sources */ = {isa = PBXBuildFile; fileRef = 7D46E34F2912599300185F0A /* DataFetcherProxy.swift */; };
		7D46E3532914040400185F0A /* DataFetcherError.swift in Sources */ = {isa = PBXBuildFile; fileRef = 7D46E3522914040400185F0A /* DataFetcherError.swift */; };
		7D46E3562914084800185F0A /* ApiKeys.swift in Sources */ = {isa = PBXBuildFile; fileRef = 7D46E3552914084800185F0A /* ApiKeys.swift */; };
		7D46E35A29142DBA00185F0A /* Translate.swift in Sources */ = {isa = PBXBuildFile; fileRef = 7D46E35929142DBA00185F0A /* Translate.swift */; };
		7D46E35C2914329C00185F0A /* Parameters.swift in Sources */ = {isa = PBXBuildFile; fileRef = 7D46E35B2914329C00185F0A /* Parameters.swift */; };
		7D46E35E29154C4F00185F0A /* RequestBuilding.swift in Sources */ = {isa = PBXBuildFile; fileRef = 7D46E35D29154C4F00185F0A /* RequestBuilding.swift */; };
		7D46E3602915527100185F0A /* AnimeRequest.swift in Sources */ = {isa = PBXBuildFile; fileRef = 7D46E35F2915527100185F0A /* AnimeRequest.swift */; };
		7D487383291A790E006066F4 /* DataFetcherStub.swift in Sources */ = {isa = PBXBuildFile; fileRef = 7D487382291A790E006066F4 /* DataFetcherStub.swift */; };
		7D487385291A793F006066F4 /* MockAnimeCellAdapter.swift in Sources */ = {isa = PBXBuildFile; fileRef = 7D487384291A793F006066F4 /* MockAnimeCellAdapter.swift */; };
		7D800EAB29044A5D0013E211 /* SnapKit in Frameworks */ = {isa = PBXBuildFile; productRef = 7D800EAA29044A5D0013E211 /* SnapKit */; };
		7DB17E0B290321F30052E526 /* AppDelegate.swift in Sources */ = {isa = PBXBuildFile; fileRef = 7DB17E0A290321F30052E526 /* AppDelegate.swift */; };
		7DB17E0F290321F40052E526 /* AnimeListViewController.swift in Sources */ = {isa = PBXBuildFile; fileRef = 7DB17E0E290321F40052E526 /* AnimeListViewController.swift */; };
		7DB17E14290321F60052E526 /* Assets.xcassets in Resources */ = {isa = PBXBuildFile; fileRef = 7DB17E13290321F60052E526 /* Assets.xcassets */; };
		7DB17E17290321F60052E526 /* LaunchScreen.storyboard in Resources */ = {isa = PBXBuildFile; fileRef = 7DB17E15290321F60052E526 /* LaunchScreen.storyboard */; };
		7DB17E1F29032ADB0052E526 /* AnimeCell.swift in Sources */ = {isa = PBXBuildFile; fileRef = 7DB17E1E29032ADB0052E526 /* AnimeCell.swift */; };
		7DB17E212903365F0052E526 /* AnimeListPresenter.swift in Sources */ = {isa = PBXBuildFile; fileRef = 7DB17E202903365F0052E526 /* AnimeListPresenter.swift */; };
		7DB17E26290336F70052E526 /* AnimeListRouter.swift in Sources */ = {isa = PBXBuildFile; fileRef = 7DB17E25290336F70052E526 /* AnimeListRouter.swift */; };
		7DB17E28290337020052E526 /* AnimeListAssembly.swift in Sources */ = {isa = PBXBuildFile; fileRef = 7DB17E27290337020052E526 /* AnimeListAssembly.swift */; };
		7DB17E2C290337270052E526 /* Anime.swift in Sources */ = {isa = PBXBuildFile; fileRef = 7DB17E2B290337270052E526 /* Anime.swift */; };
		7DB17E302903377C0052E526 /* DetailAnimeViewController.swift in Sources */ = {isa = PBXBuildFile; fileRef = 7DB17E2F2903377C0052E526 /* DetailAnimeViewController.swift */; };
		7DB17E33290337960052E526 /* DetailAnimePresenter.swift in Sources */ = {isa = PBXBuildFile; fileRef = 7DB17E32290337950052E526 /* DetailAnimePresenter.swift */; };
		7DB17E38290337CD0052E526 /* Assemblying.swift in Sources */ = {isa = PBXBuildFile; fileRef = 7DB17E37290337CD0052E526 /* Assemblying.swift */; };
		7DB17E3A290338D40052E526 /* Routing.swift in Sources */ = {isa = PBXBuildFile; fileRef = 7DB17E39290338D40052E526 /* Routing.swift */; };
/* End PBXBuildFile section */

/* Begin PBXContainerItemProxy section */
		7D32DD112918EA2700C2A472 /* PBXContainerItemProxy */ = {
			isa = PBXContainerItemProxy;
			containerPortal = 7DB17DFF290321F30052E526 /* Project object */;
			proxyType = 1;
			remoteGlobalIDString = 7DB17E06290321F30052E526;
			remoteInfo = "#19 AnimeBook";
		};
/* End PBXContainerItemProxy section */

/* Begin PBXFileReference section */
		7D2DA2A02911BE1600DB870E /* String + Localizable.swift */ = {isa = PBXFileReference; lastKnownFileType = sourcecode.swift; path = "String + Localizable.swift"; sourceTree = "<group>"; };
		7D2F91F32907218D000C7480 /* DataFetcherService.swift */ = {isa = PBXFileReference; lastKnownFileType = sourcecode.swift; path = DataFetcherService.swift; sourceTree = "<group>"; };
		7D2F91F5290721B5000C7480 /* NetworkDataFetcher.swift */ = {isa = PBXFileReference; lastKnownFileType = sourcecode.swift; path = NetworkDataFetcher.swift; sourceTree = "<group>"; };
		7D2F91F929072F4F000C7480 /* ImageDownloadService.swift */ = {isa = PBXFileReference; fileEncoding = 4; lastKnownFileType = sourcecode.swift; path = ImageDownloadService.swift; sourceTree = "<group>"; };
		7D2F91FC2908794A000C7480 /* LanguageRequest.swift */ = {isa = PBXFileReference; lastKnownFileType = sourcecode.swift; path = LanguageRequest.swift; sourceTree = "<group>"; };
		7D2F91FF29096034000C7480 /* Date + ConvertDate.swift */ = {isa = PBXFileReference; lastKnownFileType = sourcecode.swift; path = "Date + ConvertDate.swift"; sourceTree = "<group>"; };
		7D2F9201290964D4000C7480 /* UIViewController + SetupRequestAlert.swift */ = {isa = PBXFileReference; lastKnownFileType = sourcecode.swift; path = "UIViewController + SetupRequestAlert.swift"; sourceTree = "<group>"; };
		7D2F920C290B05EE000C7480 /* AnimeModel.swift */ = {isa = PBXFileReference; lastKnownFileType = sourcecode.swift; path = AnimeModel.swift; sourceTree = "<group>"; };
		7D2F920E290B0669000C7480 /* AnimeCellAdapter.swift */ = {isa = PBXFileReference; lastKnownFileType = sourcecode.swift; path = AnimeCellAdapter.swift; sourceTree = "<group>"; };
		7D2F9245290C664F000C7480 /* UIViewController + CustomBarButton.swift */ = {isa = PBXFileReference; fileEncoding = 4; lastKnownFileType = sourcecode.swift; path = "UIViewController + CustomBarButton.swift"; sourceTree = "<group>"; };
		7D2F924A290D3737000C7480 /* Constants.swift */ = {isa = PBXFileReference; lastKnownFileType = sourcecode.swift; path = Constants.swift; sourceTree = "<group>"; };
		7D2F924C290D3DE0000C7480 /* UICollectionView + Extensions.swift */ = {isa = PBXFileReference; lastKnownFileType = sourcecode.swift; path = "UICollectionView + Extensions.swift"; sourceTree = "<group>"; };
		7D32DD032915ACDF00C2A472 /* UIViewController + ShowAlertError.swift */ = {isa = PBXFileReference; lastKnownFileType = sourcecode.swift; path = "UIViewController + ShowAlertError.swift"; sourceTree = "<group>"; };
		7D32DD072918E58600C2A472 /* RecoverableError.swift */ = {isa = PBXFileReference; lastKnownFileType = sourcecode.swift; path = RecoverableError.swift; sourceTree = "<group>"; };
		7D32DD0D2918EA2700C2A472 /* #19 AnimeBookTests.xctest */ = {isa = PBXFileReference; explicitFileType = wrapper.cfbundle; includeInIndex = 0; path = "#19 AnimeBookTests.xctest"; sourceTree = BUILT_PRODUCTS_DIR; };
		7D32DD182918EA8500C2A472 /* AnimeListPresenterTests.swift */ = {isa = PBXFileReference; lastKnownFileType = sourcecode.swift; path = AnimeListPresenterTests.swift; sourceTree = "<group>"; };
		7D32DD1A29191DE100C2A472 /* DataFetcherProxySpy.swift */ = {isa = PBXFileReference; lastKnownFileType = sourcecode.swift; path = DataFetcherProxySpy.swift; sourceTree = "<group>"; };
		7D32DD1C29191DFA00C2A472 /* MockAnimeListRouter.swift */ = {isa = PBXFileReference; lastKnownFileType = sourcecode.swift; path = MockAnimeListRouter.swift; sourceTree = "<group>"; };
		7D32DD1E29191E1200C2A472 /* AnimeListViewStub.swift */ = {isa = PBXFileReference; lastKnownFileType = sourcecode.swift; path = AnimeListViewStub.swift; sourceTree = "<group>"; };
		7D32DD2329193EB100C2A472 /* DataFetcherProxyTests.swift */ = {isa = PBXFileReference; lastKnownFileType = sourcecode.swift; path = DataFetcherProxyTests.swift; sourceTree = "<group>"; };
		7D44E7CD2904347A00C6ABE7 /* Base */ = {isa = PBXFileReference; lastKnownFileType = text.plist.strings; name = Base; path = Base.lproj/Localizable.strings; sourceTree = "<group>"; };
		7D44E7D02904349100C6ABE7 /* ru */ = {isa = PBXFileReference; lastKnownFileType = text.plist.strings; name = ru; path = ru.lproj/Localizable.strings; sourceTree = "<group>"; };
		7D46E34F2912599300185F0A /* DataFetcherProxy.swift */ = {isa = PBXFileReference; lastKnownFileType = sourcecode.swift; path = DataFetcherProxy.swift; sourceTree = "<group>"; };
		7D46E3522914040400185F0A /* DataFetcherError.swift */ = {isa = PBXFileReference; lastKnownFileType = sourcecode.swift; path = DataFetcherError.swift; sourceTree = "<group>"; };
		7D46E3552914084800185F0A /* ApiKeys.swift */ = {isa = PBXFileReference; lastKnownFileType = sourcecode.swift; path = ApiKeys.swift; sourceTree = "<group>"; };
		7D46E35929142DBA00185F0A /* Translate.swift */ = {isa = PBXFileReference; lastKnownFileType = sourcecode.swift; path = Translate.swift; sourceTree = "<group>"; };
		7D46E35B2914329C00185F0A /* Parameters.swift */ = {isa = PBXFileReference; lastKnownFileType = sourcecode.swift; path = Parameters.swift; sourceTree = "<group>"; };
		7D46E35D29154C4F00185F0A /* RequestBuilding.swift */ = {isa = PBXFileReference; lastKnownFileType = sourcecode.swift; path = RequestBuilding.swift; sourceTree = "<group>"; };
		7D46E35F2915527100185F0A /* AnimeRequest.swift */ = {isa = PBXFileReference; lastKnownFileType = sourcecode.swift; path = AnimeRequest.swift; sourceTree = "<group>"; };
		7D487382291A790E006066F4 /* DataFetcherStub.swift */ = {isa = PBXFileReference; lastKnownFileType = sourcecode.swift; path = DataFetcherStub.swift; sourceTree = "<group>"; };
		7D487384291A793F006066F4 /* MockAnimeCellAdapter.swift */ = {isa = PBXFileReference; lastKnownFileType = sourcecode.swift; path = MockAnimeCellAdapter.swift; sourceTree = "<group>"; };
		7DB17E07290321F30052E526 /* #19 AnimeBook.app */ = {isa = PBXFileReference; explicitFileType = wrapper.application; includeInIndex = 0; path = "#19 AnimeBook.app"; sourceTree = BUILT_PRODUCTS_DIR; };
		7DB17E0A290321F30052E526 /* AppDelegate.swift */ = {isa = PBXFileReference; lastKnownFileType = sourcecode.swift; path = AppDelegate.swift; sourceTree = "<group>"; };
		7DB17E0E290321F40052E526 /* AnimeListViewController.swift */ = {isa = PBXFileReference; lastKnownFileType = sourcecode.swift; path = AnimeListViewController.swift; sourceTree = "<group>"; };
		7DB17E13290321F60052E526 /* Assets.xcassets */ = {isa = PBXFileReference; lastKnownFileType = folder.assetcatalog; path = Assets.xcassets; sourceTree = "<group>"; };
		7DB17E16290321F60052E526 /* Base */ = {isa = PBXFileReference; lastKnownFileType = file.storyboard; name = Base; path = Base.lproj/LaunchScreen.storyboard; sourceTree = "<group>"; };
		7DB17E18290321F60052E526 /* Info.plist */ = {isa = PBXFileReference; lastKnownFileType = text.plist.xml; path = Info.plist; sourceTree = "<group>"; };
		7DB17E1E29032ADB0052E526 /* AnimeCell.swift */ = {isa = PBXFileReference; lastKnownFileType = sourcecode.swift; path = AnimeCell.swift; sourceTree = "<group>"; };
		7DB17E202903365F0052E526 /* AnimeListPresenter.swift */ = {isa = PBXFileReference; lastKnownFileType = sourcecode.swift; path = AnimeListPresenter.swift; sourceTree = "<group>"; };
		7DB17E25290336F70052E526 /* AnimeListRouter.swift */ = {isa = PBXFileReference; lastKnownFileType = sourcecode.swift; path = AnimeListRouter.swift; sourceTree = "<group>"; };
		7DB17E27290337020052E526 /* AnimeListAssembly.swift */ = {isa = PBXFileReference; lastKnownFileType = sourcecode.swift; path = AnimeListAssembly.swift; sourceTree = "<group>"; };
		7DB17E2B290337270052E526 /* Anime.swift */ = {isa = PBXFileReference; lastKnownFileType = sourcecode.swift; path = Anime.swift; sourceTree = "<group>"; };
		7DB17E2F2903377C0052E526 /* DetailAnimeViewController.swift */ = {isa = PBXFileReference; lastKnownFileType = sourcecode.swift; path = DetailAnimeViewController.swift; sourceTree = "<group>"; };
		7DB17E32290337950052E526 /* DetailAnimePresenter.swift */ = {isa = PBXFileReference; lastKnownFileType = sourcecode.swift; path = DetailAnimePresenter.swift; sourceTree = "<group>"; };
		7DB17E37290337CD0052E526 /* Assemblying.swift */ = {isa = PBXFileReference; lastKnownFileType = sourcecode.swift; path = Assemblying.swift; sourceTree = "<group>"; };
		7DB17E39290338D40052E526 /* Routing.swift */ = {isa = PBXFileReference; lastKnownFileType = sourcecode.swift; path = Routing.swift; sourceTree = "<group>"; };
/* End PBXFileReference section */

/* Begin PBXFrameworksBuildPhase section */
		7D32DD0A2918EA2700C2A472 /* Frameworks */ = {
			isa = PBXFrameworksBuildPhase;
			buildActionMask = 2147483647;
			files = (
			);
			runOnlyForDeploymentPostprocessing = 0;
		};
		7DB17E04290321F30052E526 /* Frameworks */ = {
			isa = PBXFrameworksBuildPhase;
			buildActionMask = 2147483647;
			files = (
				7D2F9255290D5222000C7480 /* SnapKit in Frameworks */,
				7D800EAB29044A5D0013E211 /* SnapKit in Frameworks */,
				7D2F9252290D4F0D000C7480 /* SnapKit in Frameworks */,
			);
			runOnlyForDeploymentPostprocessing = 0;
		};
/* End PBXFrameworksBuildPhase section */

/* Begin PBXGroup section */
		7D2F91FB29087932000C7480 /* Workers */ = {
			isa = PBXGroup;
			children = (
				7D46E34F2912599300185F0A /* DataFetcherProxy.swift */,
				7D2F91F32907218D000C7480 /* DataFetcherService.swift */,
				7D2F920E290B0669000C7480 /* AnimeCellAdapter.swift */,
			);
			path = Workers;
			sourceTree = "<group>";
		};
		7D2F91FE29096011000C7480 /* Extensions */ = {
			isa = PBXGroup;
			children = (
				7D2F91FF29096034000C7480 /* Date + ConvertDate.swift */,
				7D2DA2A02911BE1600DB870E /* String + Localizable.swift */,
				7D2F9201290964D4000C7480 /* UIViewController + SetupRequestAlert.swift */,
				7D32DD032915ACDF00C2A472 /* UIViewController + ShowAlertError.swift */,
				7D2F9245290C664F000C7480 /* UIViewController + CustomBarButton.swift */,
				7D2F924C290D3DE0000C7480 /* UICollectionView + Extensions.swift */,
			);
			path = Extensions;
			sourceTree = "<group>";
		};
		7D2F920B290B05CD000C7480 /* Models */ = {
			isa = PBXGroup;
			children = (
				7D2F920C290B05EE000C7480 /* AnimeModel.swift */,
			);
			path = Models;
			sourceTree = "<group>";
		};
		7D2F9249290D3722000C7480 /* Constants */ = {
			isa = PBXGroup;
			children = (
				7D2F924A290D3737000C7480 /* Constants.swift */,
			);
			path = Constants;
			sourceTree = "<group>";
		};
		7D2F924E290D49E0000C7480 /* Controllers */ = {
			isa = PBXGroup;
			children = (
				7DB17E0E290321F40052E526 /* AnimeListViewController.swift */,
			);
			path = Controllers;
			sourceTree = "<group>";
		};
		7D2F924F290D49E8000C7480 /* Cells */ = {
			isa = PBXGroup;
			children = (
				7DB17E1E29032ADB0052E526 /* AnimeCell.swift */,
			);
			path = Cells;
			sourceTree = "<group>";
		};
		7D32DD022915A82B00C2A472 /* Requests */ = {
			isa = PBXGroup;
			children = (
				7D2F91FC2908794A000C7480 /* LanguageRequest.swift */,
				7D46E35F2915527100185F0A /* AnimeRequest.swift */,
				7D46E35B2914329C00185F0A /* Parameters.swift */,
				7D46E3552914084800185F0A /* ApiKeys.swift */,
			);
			path = Requests;
			sourceTree = "<group>";
		};
		7D32DD0E2918EA2700C2A472 /* #19 AnimeBookTests */ = {
			isa = PBXGroup;
			children = (
				7D32DD162918EA3900C2A472 /* Apps */,
			);
			path = "#19 AnimeBookTests";
			sourceTree = "<group>";
		};
		7D32DD162918EA3900C2A472 /* Apps */ = {
			isa = PBXGroup;
			children = (
				7D32DD172918EA5200C2A472 /* AnimeList */,
			);
			path = Apps;
			sourceTree = "<group>";
		};
		7D32DD172918EA5200C2A472 /* AnimeList */ = {
			isa = PBXGroup;
			children = (
				7D32DD2029193DF700C2A472 /* AnimeListPresenter */,
				7D32DD2129193E7E00C2A472 /* Workers */,
			);
			path = AnimeList;
			sourceTree = "<group>";
		};
		7D32DD2029193DF700C2A472 /* AnimeListPresenter */ = {
			isa = PBXGroup;
			children = (
				7D32DD182918EA8500C2A472 /* AnimeListPresenterTests.swift */,
				7D32DD1E29191E1200C2A472 /* AnimeListViewStub.swift */,
				7D32DD1C29191DFA00C2A472 /* MockAnimeListRouter.swift */,
				7D32DD1A29191DE100C2A472 /* DataFetcherProxySpy.swift */,
			);
			path = AnimeListPresenter;
			sourceTree = "<group>";
		};
		7D32DD2129193E7E00C2A472 /* Workers */ = {
			isa = PBXGroup;
			children = (
				7D32DD2229193E8400C2A472 /* DataFetcherProxy */,
			);
			path = Workers;
			sourceTree = "<group>";
		};
		7D32DD2229193E8400C2A472 /* DataFetcherProxy */ = {
			isa = PBXGroup;
			children = (
				7D32DD2329193EB100C2A472 /* DataFetcherProxyTests.swift */,
				7D487382291A790E006066F4 /* DataFetcherStub.swift */,
				7D487384291A793F006066F4 /* MockAnimeCellAdapter.swift */,
			);
			path = DataFetcherProxy;
			sourceTree = "<group>";
		};
		7D46E351291403EB00185F0A /* Errors */ = {
			isa = PBXGroup;
			children = (
				7D46E3522914040400185F0A /* DataFetcherError.swift */,
				7D32DD072918E58600C2A472 /* RecoverableError.swift */,
			);
			path = Errors;
			sourceTree = "<group>";
		};
		7D46E3542914082300185F0A /* DataModels */ = {
			isa = PBXGroup;
			children = (
				7DB17E2B290337270052E526 /* Anime.swift */,
				7D46E35929142DBA00185F0A /* Translate.swift */,
			);
			path = DataModels;
			sourceTree = "<group>";
		};
		7DB17DFE290321F30052E526 = {
			isa = PBXGroup;
			children = (
				7DB17E09290321F30052E526 /* #19 AnimeBook */,
				7D32DD0E2918EA2700C2A472 /* #19 AnimeBookTests */,
				7DB17E08290321F30052E526 /* Products */,
			);
			sourceTree = "<group>";
		};
		7DB17E08290321F30052E526 /* Products */ = {
			isa = PBXGroup;
			children = (
				7DB17E07290321F30052E526 /* #19 AnimeBook.app */,
				7D32DD0D2918EA2700C2A472 /* #19 AnimeBookTests.xctest */,
			);
			name = Products;
			sourceTree = "<group>";
		};
		7DB17E09290321F30052E526 /* #19 AnimeBook */ = {
			isa = PBXGroup;
			children = (
				7D46E351291403EB00185F0A /* Errors */,
				7D2F91FE29096011000C7480 /* Extensions */,
				7DB17E36290337B00052E526 /* Protocols */,
				7DB17E2A2903371A0052E526 /* Workers */,
				7D2F9249290D3722000C7480 /* Constants */,
				7DB17E29290337140052E526 /* Models */,
				7DB17E23290336DA0052E526 /* Apps */,
				7DB17E22290336C50052E526 /* Supporting Files */,
			);
			path = "#19 AnimeBook";
			sourceTree = "<group>";
		};
		7DB17E22290336C50052E526 /* Supporting Files */ = {
			isa = PBXGroup;
			children = (
				7DB17E13290321F60052E526 /* Assets.xcassets */,
				7DB17E0A290321F30052E526 /* AppDelegate.swift */,
				7DB17E15290321F60052E526 /* LaunchScreen.storyboard */,
				7DB17E18290321F60052E526 /* Info.plist */,
				7D44E7CC2904347A00C6ABE7 /* Localizable.strings */,
			);
			path = "Supporting Files";
			sourceTree = "<group>";
		};
		7DB17E23290336DA0052E526 /* Apps */ = {
			isa = PBXGroup;
			children = (
				7DB17E2D290337390052E526 /* AnimeList */,
				7DB17E2E290337460052E526 /* DetailAnime */,
			);
			path = Apps;
			sourceTree = "<group>";
		};
		7DB17E24290336E40052E526 /* Views */ = {
			isa = PBXGroup;
			children = (
				7D2F924E290D49E0000C7480 /* Controllers */,
				7D2F924F290D49E8000C7480 /* Cells */,
			);
			path = Views;
			sourceTree = "<group>";
		};
		7DB17E29290337140052E526 /* Models */ = {
			isa = PBXGroup;
			children = (
				7D46E3542914082300185F0A /* DataModels */,
				7D32DD022915A82B00C2A472 /* Requests */,
			);
			path = Models;
			sourceTree = "<group>";
		};
		7DB17E2A2903371A0052E526 /* Workers */ = {
			isa = PBXGroup;
			children = (
				7D2F91F5290721B5000C7480 /* NetworkDataFetcher.swift */,
				7D2F91F929072F4F000C7480 /* ImageDownloadService.swift */,
			);
			path = Workers;
			sourceTree = "<group>";
		};
		7DB17E2D290337390052E526 /* AnimeList */ = {
			isa = PBXGroup;
			children = (
				7DB17E24290336E40052E526 /* Views */,
				7DB17E202903365F0052E526 /* AnimeListPresenter.swift */,
				7DB17E25290336F70052E526 /* AnimeListRouter.swift */,
				7DB17E27290337020052E526 /* AnimeListAssembly.swift */,
				7D2F920B290B05CD000C7480 /* Models */,
				7D2F91FB29087932000C7480 /* Workers */,
			);
			path = AnimeList;
			sourceTree = "<group>";
		};
		7DB17E2E290337460052E526 /* DetailAnime */ = {
			isa = PBXGroup;
			children = (
				7DB17E2F2903377C0052E526 /* DetailAnimeViewController.swift */,
				7DB17E32290337950052E526 /* DetailAnimePresenter.swift */,
			);
			path = DetailAnime;
			sourceTree = "<group>";
		};
		7DB17E36290337B00052E526 /* Protocols */ = {
			isa = PBXGroup;
			children = (
				7DB17E37290337CD0052E526 /* Assemblying.swift */,
				7DB17E39290338D40052E526 /* Routing.swift */,
				7D46E35D29154C4F00185F0A /* RequestBuilding.swift */,
			);
			path = Protocols;
			sourceTree = "<group>";
		};
/* End PBXGroup section */

/* Begin PBXNativeTarget section */
		7D32DD0C2918EA2700C2A472 /* #19 AnimeBookTests */ = {
			isa = PBXNativeTarget;
			buildConfigurationList = 7D32DD132918EA2700C2A472 /* Build configuration list for PBXNativeTarget "#19 AnimeBookTests" */;
			buildPhases = (
				7D32DD092918EA2700C2A472 /* Sources */,
				7D32DD0A2918EA2700C2A472 /* Frameworks */,
				7D32DD0B2918EA2700C2A472 /* Resources */,
			);
			buildRules = (
			);
			dependencies = (
				7D32DD122918EA2700C2A472 /* PBXTargetDependency */,
			);
			name = "#19 AnimeBookTests";
			productName = "#19 AnimeBookTests";
			productReference = 7D32DD0D2918EA2700C2A472 /* #19 AnimeBookTests.xctest */;
			productType = "com.apple.product-type.bundle.unit-test";
		};
		7DB17E06290321F30052E526 /* #19 AnimeBook */ = {
			isa = PBXNativeTarget;
			buildConfigurationList = 7DB17E1B290321F60052E526 /* Build configuration list for PBXNativeTarget "#19 AnimeBook" */;
			buildPhases = (
				7DB17E03290321F30052E526 /* Sources */,
				7DB17E04290321F30052E526 /* Frameworks */,
				7DB17E05290321F30052E526 /* Resources */,
			);
			buildRules = (
			);
			dependencies = (
			);
			name = "#19 AnimeBook";
			packageProductDependencies = (
				7D800EAA29044A5D0013E211 /* SnapKit */,
				7D2F9251290D4F0D000C7480 /* SnapKit */,
				7D2F9254290D5222000C7480 /* SnapKit */,
			);
			productName = "#19 AnimeBook";
			productReference = 7DB17E07290321F30052E526 /* #19 AnimeBook.app */;
			productType = "com.apple.product-type.application";
		};
/* End PBXNativeTarget section */

/* Begin PBXProject section */
		7DB17DFF290321F30052E526 /* Project object */ = {
			isa = PBXProject;
			attributes = {
				BuildIndependentTargetsInParallel = 1;
				LastSwiftUpdateCheck = 1400;
				LastUpgradeCheck = 1340;
				TargetAttributes = {
					7D32DD0C2918EA2700C2A472 = {
						CreatedOnToolsVersion = 14.0.1;
						TestTargetID = 7DB17E06290321F30052E526;
					};
					7DB17E06290321F30052E526 = {
						CreatedOnToolsVersion = 13.4.1;
					};
				};
			};
			buildConfigurationList = 7DB17E02290321F30052E526 /* Build configuration list for PBXProject "#19 AnimeBook" */;
			compatibilityVersion = "Xcode 13.0";
			developmentRegion = en;
			hasScannedForEncodings = 0;
			knownRegions = (
				en,
				Base,
				ru,
			);
			mainGroup = 7DB17DFE290321F30052E526;
			packageReferences = (
				7D800EA929044A5D0013E211 /* XCRemoteSwiftPackageReference "SnapKit" */,
				7D2F9250290D4F0C000C7480 /* XCRemoteSwiftPackageReference "SnapKit" */,
				7D2F9253290D5222000C7480 /* XCRemoteSwiftPackageReference "SnapKit" */,
			);
			productRefGroup = 7DB17E08290321F30052E526 /* Products */;
			projectDirPath = "";
			projectRoot = "";
			targets = (
				7DB17E06290321F30052E526 /* #19 AnimeBook */,
				7D32DD0C2918EA2700C2A472 /* #19 AnimeBookTests */,
			);
		};
/* End PBXProject section */

/* Begin PBXResourcesBuildPhase section */
		7D32DD0B2918EA2700C2A472 /* Resources */ = {
			isa = PBXResourcesBuildPhase;
			buildActionMask = 2147483647;
			files = (
			);
			runOnlyForDeploymentPostprocessing = 0;
		};
		7DB17E05290321F30052E526 /* Resources */ = {
			isa = PBXResourcesBuildPhase;
			buildActionMask = 2147483647;
			files = (
				7DB17E17290321F60052E526 /* LaunchScreen.storyboard in Resources */,
				7D44E7CE2904347A00C6ABE7 /* Localizable.strings in Resources */,
				7DB17E14290321F60052E526 /* Assets.xcassets in Resources */,
			);
			runOnlyForDeploymentPostprocessing = 0;
		};
/* End PBXResourcesBuildPhase section */

/* Begin PBXSourcesBuildPhase section */
		7D32DD092918EA2700C2A472 /* Sources */ = {
			isa = PBXSourcesBuildPhase;
			buildActionMask = 2147483647;
			files = (
				7D32DD192918EA8500C2A472 /* AnimeListPresenterTests.swift in Sources */,
				7D32DD1F29191E1200C2A472 /* AnimeListViewStub.swift in Sources */,
				7D487385291A793F006066F4 /* MockAnimeCellAdapter.swift in Sources */,
				7D32DD1D29191DFA00C2A472 /* MockAnimeListRouter.swift in Sources */,
				7D32DD2429193EB100C2A472 /* DataFetcherProxyTests.swift in Sources */,
				7D32DD1B29191DE100C2A472 /* DataFetcherProxySpy.swift in Sources */,
				7D487383291A790E006066F4 /* DataFetcherStub.swift in Sources */,
			);
			runOnlyForDeploymentPostprocessing = 0;
		};
		7DB17E03290321F30052E526 /* Sources */ = {
			isa = PBXSourcesBuildPhase;
			buildActionMask = 2147483647;
			files = (
				7DB17E0F290321F40052E526 /* AnimeListViewController.swift in Sources */,
				7D2F91FA29072F50000C7480 /* ImageDownloadService.swift in Sources */,
				7D2F91F42907218E000C7480 /* DataFetcherService.swift in Sources */,
				7DB17E33290337960052E526 /* DetailAnimePresenter.swift in Sources */,
				7D2F920F290B0669000C7480 /* AnimeCellAdapter.swift in Sources */,
				7DB17E212903365F0052E526 /* AnimeListPresenter.swift in Sources */,
				7D2F920D290B05EE000C7480 /* AnimeModel.swift in Sources */,
				7D2F9202290964D4000C7480 /* UIViewController + SetupRequestAlert.swift in Sources */,
				7D2DA2A12911BE1600DB870E /* String + Localizable.swift in Sources */,
				7DB17E28290337020052E526 /* AnimeListAssembly.swift in Sources */,
				7D2F91FD2908794A000C7480 /* LanguageRequest.swift in Sources */,
				7DB17E2C290337270052E526 /* Anime.swift in Sources */,
				7D32DD042915ACDF00C2A472 /* UIViewController + ShowAlertError.swift in Sources */,
				7D2F924B290D3737000C7480 /* Constants.swift in Sources */,
				7D2F9246290C6650000C7480 /* UIViewController + CustomBarButton.swift in Sources */,
				7D46E35E29154C4F00185F0A /* RequestBuilding.swift in Sources */,
				7D2F924D290D3DE1000C7480 /* UICollectionView + Extensions.swift in Sources */,
				7DB17E38290337CD0052E526 /* Assemblying.swift in Sources */,
				7DB17E26290336F70052E526 /* AnimeListRouter.swift in Sources */,
				7D2F920029096034000C7480 /* Date + ConvertDate.swift in Sources */,
				7D46E3502912599300185F0A /* DataFetcherProxy.swift in Sources */,
				7D2F91F6290721B6000C7480 /* NetworkDataFetcher.swift in Sources */,
				7DB17E3A290338D40052E526 /* Routing.swift in Sources */,
				7DB17E1F29032ADB0052E526 /* AnimeCell.swift in Sources */,
				7D46E3602915527100185F0A /* AnimeRequest.swift in Sources */,
				7DB17E302903377C0052E526 /* DetailAnimeViewController.swift in Sources */,
				7D46E35A29142DBA00185F0A /* Translate.swift in Sources */,
				7D46E3532914040400185F0A /* DataFetcherError.swift in Sources */,
				7D46E3562914084800185F0A /* ApiKeys.swift in Sources */,
				7D32DD082918E58600C2A472 /* RecoverableError.swift in Sources */,
				7DB17E0B290321F30052E526 /* AppDelegate.swift in Sources */,
				7D46E35C2914329C00185F0A /* Parameters.swift in Sources */,
			);
			runOnlyForDeploymentPostprocessing = 0;
		};
/* End PBXSourcesBuildPhase section */

/* Begin PBXTargetDependency section */
		7D32DD122918EA2700C2A472 /* PBXTargetDependency */ = {
			isa = PBXTargetDependency;
			target = 7DB17E06290321F30052E526 /* #19 AnimeBook */;
			targetProxy = 7D32DD112918EA2700C2A472 /* PBXContainerItemProxy */;
		};
/* End PBXTargetDependency section */

/* Begin PBXVariantGroup section */
		7D44E7CC2904347A00C6ABE7 /* Localizable.strings */ = {
			isa = PBXVariantGroup;
			children = (
				7D44E7CD2904347A00C6ABE7 /* Base */,
				7D44E7D02904349100C6ABE7 /* ru */,
			);
			name = Localizable.strings;
			sourceTree = "<group>";
		};
		7DB17E15290321F60052E526 /* LaunchScreen.storyboard */ = {
			isa = PBXVariantGroup;
			children = (
				7DB17E16290321F60052E526 /* Base */,
			);
			name = LaunchScreen.storyboard;
			sourceTree = "<group>";
		};
/* End PBXVariantGroup section */

/* Begin XCBuildConfiguration section */
		7D32DD142918EA2700C2A472 /* Debug */ = {
			isa = XCBuildConfiguration;
			buildSettings = {
				BUNDLE_LOADER = "$(TEST_HOST)";
				CLANG_CXX_LANGUAGE_STANDARD = "gnu++20";
				CODE_SIGN_STYLE = Automatic;
				CURRENT_PROJECT_VERSION = 1;
				DEVELOPMENT_TEAM = WJM24K3YHR;
				GENERATE_INFOPLIST_FILE = YES;
				IPHONEOS_DEPLOYMENT_TARGET = 16.0;
				MACOSX_DEPLOYMENT_TARGET = 12.3;
				MARKETING_VERSION = 1.0;
				PRODUCT_BUNDLE_IDENTIFIER = "com.rubis-vladimir.AnimeBook.-19-AnimeBookTests";
				PRODUCT_NAME = "$(TARGET_NAME)";
				SDKROOT = auto;
				SUPPORTED_PLATFORMS = "iphoneos iphonesimulator macosx";
				SWIFT_EMIT_LOC_STRINGS = NO;
				SWIFT_VERSION = 5.0;
				TARGETED_DEVICE_FAMILY = "1,2";
				TEST_HOST = "$(BUILT_PRODUCTS_DIR)/#19 AnimeBook.app/$(BUNDLE_EXECUTABLE_FOLDER_PATH)/#19 AnimeBook";
			};
			name = Debug;
		};
		7D32DD152918EA2700C2A472 /* Release */ = {
			isa = XCBuildConfiguration;
			buildSettings = {
				BUNDLE_LOADER = "$(TEST_HOST)";
				CLANG_CXX_LANGUAGE_STANDARD = "gnu++20";
				CODE_SIGN_STYLE = Automatic;
				CURRENT_PROJECT_VERSION = 1;
				DEVELOPMENT_TEAM = WJM24K3YHR;
				GENERATE_INFOPLIST_FILE = YES;
				IPHONEOS_DEPLOYMENT_TARGET = 16.0;
				MACOSX_DEPLOYMENT_TARGET = 12.3;
				MARKETING_VERSION = 1.0;
				PRODUCT_BUNDLE_IDENTIFIER = "com.rubis-vladimir.AnimeBook.-19-AnimeBookTests";
				PRODUCT_NAME = "$(TARGET_NAME)";
				SDKROOT = auto;
				SUPPORTED_PLATFORMS = "iphoneos iphonesimulator macosx";
				SWIFT_EMIT_LOC_STRINGS = NO;
				SWIFT_VERSION = 5.0;
				TARGETED_DEVICE_FAMILY = "1,2";
				TEST_HOST = "$(BUILT_PRODUCTS_DIR)/#19 AnimeBook.app/$(BUNDLE_EXECUTABLE_FOLDER_PATH)/#19 AnimeBook";
			};
			name = Release;
		};
		7DB17E19290321F60052E526 /* Debug */ = {
			isa = XCBuildConfiguration;
			buildSettings = {
				ALWAYS_SEARCH_USER_PATHS = NO;
				CLANG_ANALYZER_LOCALIZABILITY_NONLOCALIZED = YES;
				CLANG_ANALYZER_NONNULL = YES;
				CLANG_ANALYZER_NUMBER_OBJECT_CONVERSION = YES_AGGRESSIVE;
				CLANG_CXX_LANGUAGE_STANDARD = "gnu++17";
				CLANG_ENABLE_MODULES = YES;
				CLANG_ENABLE_OBJC_ARC = YES;
				CLANG_ENABLE_OBJC_WEAK = YES;
				CLANG_WARN_BLOCK_CAPTURE_AUTORELEASING = YES;
				CLANG_WARN_BOOL_CONVERSION = YES;
				CLANG_WARN_COMMA = YES;
				CLANG_WARN_CONSTANT_CONVERSION = YES;
				CLANG_WARN_DEPRECATED_OBJC_IMPLEMENTATIONS = YES;
				CLANG_WARN_DIRECT_OBJC_ISA_USAGE = YES_ERROR;
				CLANG_WARN_DOCUMENTATION_COMMENTS = YES;
				CLANG_WARN_EMPTY_BODY = YES;
				CLANG_WARN_ENUM_CONVERSION = YES;
				CLANG_WARN_INFINITE_RECURSION = YES;
				CLANG_WARN_INT_CONVERSION = YES;
				CLANG_WARN_NON_LITERAL_NULL_CONVERSION = YES;
				CLANG_WARN_OBJC_IMPLICIT_RETAIN_SELF = YES;
				CLANG_WARN_OBJC_LITERAL_CONVERSION = YES;
				CLANG_WARN_OBJC_ROOT_CLASS = YES_ERROR;
				CLANG_WARN_QUOTED_INCLUDE_IN_FRAMEWORK_HEADER = YES;
				CLANG_WARN_RANGE_LOOP_ANALYSIS = YES;
				CLANG_WARN_STRICT_PROTOTYPES = YES;
				CLANG_WARN_SUSPICIOUS_MOVE = YES;
				CLANG_WARN_UNGUARDED_AVAILABILITY = YES_AGGRESSIVE;
				CLANG_WARN_UNREACHABLE_CODE = YES;
				CLANG_WARN__DUPLICATE_METHOD_MATCH = YES;
				COPY_PHASE_STRIP = NO;
				DEBUG_INFORMATION_FORMAT = dwarf;
				ENABLE_STRICT_OBJC_MSGSEND = YES;
				ENABLE_TESTABILITY = YES;
				GCC_C_LANGUAGE_STANDARD = gnu11;
				GCC_DYNAMIC_NO_PIC = NO;
				GCC_NO_COMMON_BLOCKS = YES;
				GCC_OPTIMIZATION_LEVEL = 0;
				GCC_PREPROCESSOR_DEFINITIONS = (
					"DEBUG=1",
					"$(inherited)",
				);
				GCC_WARN_64_TO_32_BIT_CONVERSION = YES;
				GCC_WARN_ABOUT_RETURN_TYPE = YES_ERROR;
				GCC_WARN_UNDECLARED_SELECTOR = YES;
				GCC_WARN_UNINITIALIZED_AUTOS = YES_AGGRESSIVE;
				GCC_WARN_UNUSED_FUNCTION = YES;
				GCC_WARN_UNUSED_VARIABLE = YES;
				IPHONEOS_DEPLOYMENT_TARGET = 13.0;
				MTL_ENABLE_DEBUG_INFO = INCLUDE_SOURCE;
				MTL_FAST_MATH = YES;
				ONLY_ACTIVE_ARCH = YES;
				SDKROOT = iphoneos;
				SWIFT_ACTIVE_COMPILATION_CONDITIONS = DEBUG;
				SWIFT_OPTIMIZATION_LEVEL = "-Onone";
			};
			name = Debug;
		};
		7DB17E1A290321F60052E526 /* Release */ = {
			isa = XCBuildConfiguration;
			buildSettings = {
				ALWAYS_SEARCH_USER_PATHS = NO;
				CLANG_ANALYZER_LOCALIZABILITY_NONLOCALIZED = YES;
				CLANG_ANALYZER_NONNULL = YES;
				CLANG_ANALYZER_NUMBER_OBJECT_CONVERSION = YES_AGGRESSIVE;
				CLANG_CXX_LANGUAGE_STANDARD = "gnu++17";
				CLANG_ENABLE_MODULES = YES;
				CLANG_ENABLE_OBJC_ARC = YES;
				CLANG_ENABLE_OBJC_WEAK = YES;
				CLANG_WARN_BLOCK_CAPTURE_AUTORELEASING = YES;
				CLANG_WARN_BOOL_CONVERSION = YES;
				CLANG_WARN_COMMA = YES;
				CLANG_WARN_CONSTANT_CONVERSION = YES;
				CLANG_WARN_DEPRECATED_OBJC_IMPLEMENTATIONS = YES;
				CLANG_WARN_DIRECT_OBJC_ISA_USAGE = YES_ERROR;
				CLANG_WARN_DOCUMENTATION_COMMENTS = YES;
				CLANG_WARN_EMPTY_BODY = YES;
				CLANG_WARN_ENUM_CONVERSION = YES;
				CLANG_WARN_INFINITE_RECURSION = YES;
				CLANG_WARN_INT_CONVERSION = YES;
				CLANG_WARN_NON_LITERAL_NULL_CONVERSION = YES;
				CLANG_WARN_OBJC_IMPLICIT_RETAIN_SELF = YES;
				CLANG_WARN_OBJC_LITERAL_CONVERSION = YES;
				CLANG_WARN_OBJC_ROOT_CLASS = YES_ERROR;
				CLANG_WARN_QUOTED_INCLUDE_IN_FRAMEWORK_HEADER = YES;
				CLANG_WARN_RANGE_LOOP_ANALYSIS = YES;
				CLANG_WARN_STRICT_PROTOTYPES = YES;
				CLANG_WARN_SUSPICIOUS_MOVE = YES;
				CLANG_WARN_UNGUARDED_AVAILABILITY = YES_AGGRESSIVE;
				CLANG_WARN_UNREACHABLE_CODE = YES;
				CLANG_WARN__DUPLICATE_METHOD_MATCH = YES;
				COPY_PHASE_STRIP = NO;
				DEBUG_INFORMATION_FORMAT = "dwarf-with-dsym";
				ENABLE_NS_ASSERTIONS = NO;
				ENABLE_STRICT_OBJC_MSGSEND = YES;
				GCC_C_LANGUAGE_STANDARD = gnu11;
				GCC_NO_COMMON_BLOCKS = YES;
				GCC_WARN_64_TO_32_BIT_CONVERSION = YES;
				GCC_WARN_ABOUT_RETURN_TYPE = YES_ERROR;
				GCC_WARN_UNDECLARED_SELECTOR = YES;
				GCC_WARN_UNINITIALIZED_AUTOS = YES_AGGRESSIVE;
				GCC_WARN_UNUSED_FUNCTION = YES;
				GCC_WARN_UNUSED_VARIABLE = YES;
				IPHONEOS_DEPLOYMENT_TARGET = 13.0;
				MTL_ENABLE_DEBUG_INFO = NO;
				MTL_FAST_MATH = YES;
				SDKROOT = iphoneos;
				SWIFT_COMPILATION_MODE = wholemodule;
				SWIFT_OPTIMIZATION_LEVEL = "-O";
				VALIDATE_PRODUCT = YES;
			};
			name = Release;
		};
		7DB17E1C290321F60052E526 /* Debug */ = {
			isa = XCBuildConfiguration;
			buildSettings = {
				ASSETCATALOG_COMPILER_APPICON_NAME = AppIcon;
				ASSETCATALOG_COMPILER_GLOBAL_ACCENT_COLOR_NAME = AccentColor;
				CODE_SIGN_STYLE = Automatic;
				CURRENT_PROJECT_VERSION = 1;
				DEVELOPMENT_TEAM = WJM24K3YHR;
				GENERATE_INFOPLIST_FILE = YES;
				INFOPLIST_FILE = "#19 AnimeBook/Supporting Files/Info.plist";
				INFOPLIST_KEY_UIApplicationSupportsIndirectInputEvents = YES;
				INFOPLIST_KEY_UILaunchStoryboardName = LaunchScreen;
				INFOPLIST_KEY_UIMainStoryboardFile = "";
				INFOPLIST_KEY_UISupportedInterfaceOrientations = UIInterfaceOrientationPortrait;
				INFOPLIST_KEY_UISupportedInterfaceOrientations_iPad = "UIInterfaceOrientationPortrait UIInterfaceOrientationPortraitUpsideDown UIInterfaceOrientationLandscapeLeft UIInterfaceOrientationLandscapeRight";
				INFOPLIST_KEY_UISupportedInterfaceOrientations_iPhone = "UIInterfaceOrientationPortrait UIInterfaceOrientationLandscapeLeft UIInterfaceOrientationLandscapeRight";
				LD_RUNPATH_SEARCH_PATHS = (
					"$(inherited)",
					"@executable_path/Frameworks",
				);
				MARKETING_VERSION = 1.0;
				PRODUCT_BUNDLE_IDENTIFIER = "rubis-vladimir.-19-AnimeBook";
				PRODUCT_NAME = "$(TARGET_NAME)";
				SWIFT_EMIT_LOC_STRINGS = YES;
				SWIFT_VERSION = 5.0;
				TARGETED_DEVICE_FAMILY = 1;
			};
			name = Debug;
		};
		7DB17E1D290321F60052E526 /* Release */ = {
			isa = XCBuildConfiguration;
			buildSettings = {
				ASSETCATALOG_COMPILER_APPICON_NAME = AppIcon;
				ASSETCATALOG_COMPILER_GLOBAL_ACCENT_COLOR_NAME = AccentColor;
				CODE_SIGN_STYLE = Automatic;
				CURRENT_PROJECT_VERSION = 1;
				DEVELOPMENT_TEAM = WJM24K3YHR;
				GENERATE_INFOPLIST_FILE = YES;
				INFOPLIST_FILE = "#19 AnimeBook/Supporting Files/Info.plist";
				INFOPLIST_KEY_UIApplicationSupportsIndirectInputEvents = YES;
				INFOPLIST_KEY_UILaunchStoryboardName = LaunchScreen;
				INFOPLIST_KEY_UIMainStoryboardFile = "";
				INFOPLIST_KEY_UISupportedInterfaceOrientations = UIInterfaceOrientationPortrait;
				INFOPLIST_KEY_UISupportedInterfaceOrientations_iPad = "UIInterfaceOrientationPortrait UIInterfaceOrientationPortraitUpsideDown UIInterfaceOrientationLandscapeLeft UIInterfaceOrientationLandscapeRight";
				INFOPLIST_KEY_UISupportedInterfaceOrientations_iPhone = "UIInterfaceOrientationPortrait UIInterfaceOrientationLandscapeLeft UIInterfaceOrientationLandscapeRight";
				LD_RUNPATH_SEARCH_PATHS = (
					"$(inherited)",
					"@executable_path/Frameworks",
				);
				MARKETING_VERSION = 1.0;
				PRODUCT_BUNDLE_IDENTIFIER = "rubis-vladimir.-19-AnimeBook";
				PRODUCT_NAME = "$(TARGET_NAME)";
				SWIFT_EMIT_LOC_STRINGS = YES;
				SWIFT_VERSION = 5.0;
				TARGETED_DEVICE_FAMILY = 1;
			};
			name = Release;
		};
/* End XCBuildConfiguration section */

/* Begin XCConfigurationList section */
		7D32DD132918EA2700C2A472 /* Build configuration list for PBXNativeTarget "#19 AnimeBookTests" */ = {
			isa = XCConfigurationList;
			buildConfigurations = (
				7D32DD142918EA2700C2A472 /* Debug */,
				7D32DD152918EA2700C2A472 /* Release */,
			);
			defaultConfigurationIsVisible = 0;
			defaultConfigurationName = Release;
		};
		7DB17E02290321F30052E526 /* Build configuration list for PBXProject "#19 AnimeBook" */ = {
			isa = XCConfigurationList;
			buildConfigurations = (
				7DB17E19290321F60052E526 /* Debug */,
				7DB17E1A290321F60052E526 /* Release */,
			);
			defaultConfigurationIsVisible = 0;
			defaultConfigurationName = Release;
		};
		7DB17E1B290321F60052E526 /* Build configuration list for PBXNativeTarget "#19 AnimeBook" */ = {
			isa = XCConfigurationList;
			buildConfigurations = (
				7DB17E1C290321F60052E526 /* Debug */,
				7DB17E1D290321F60052E526 /* Release */,
			);
			defaultConfigurationIsVisible = 0;
			defaultConfigurationName = Release;
		};
/* End XCConfigurationList section */

/* Begin XCRemoteSwiftPackageReference section */
		7D2F9250290D4F0C000C7480 /* XCRemoteSwiftPackageReference "SnapKit" */ = {
			isa = XCRemoteSwiftPackageReference;
			repositoryURL = "https://github.com/SnapKit/SnapKit";
			requirement = {
				branch = develop;
				kind = branch;
			};
		};
		7D2F9253290D5222000C7480 /* XCRemoteSwiftPackageReference "SnapKit" */ = {
			isa = XCRemoteSwiftPackageReference;
			repositoryURL = "https://github.com/SnapKit/SnapKit";
			requirement = {
				branch = develop;
				kind = branch;
			};
		};
		7D800EA929044A5D0013E211 /* XCRemoteSwiftPackageReference "SnapKit" */ = {
			isa = XCRemoteSwiftPackageReference;
			repositoryURL = "https://github.com/SnapKit/SnapKit";
			requirement = {
				kind = upToNextMajorVersion;
				minimumVersion = 5.0.0;
			};
		};
/* End XCRemoteSwiftPackageReference section */

/* Begin XCSwiftPackageProductDependency section */
		7D2F9251290D4F0D000C7480 /* SnapKit */ = {
			isa = XCSwiftPackageProductDependency;
			package = 7D2F9250290D4F0C000C7480 /* XCRemoteSwiftPackageReference "SnapKit" */;
			productName = SnapKit;
		};
		7D2F9254290D5222000C7480 /* SnapKit */ = {
			isa = XCSwiftPackageProductDependency;
			package = 7D2F9250290D4F0C000C7480 /* XCRemoteSwiftPackageReference "SnapKit" */;
			productName = SnapKit;
		};
		7D800EAA29044A5D0013E211 /* SnapKit */ = {
			isa = XCSwiftPackageProductDependency;
			package = 7D800EA929044A5D0013E211 /* XCRemoteSwiftPackageReference "SnapKit" */;
			productName = SnapKit;
		};
/* End XCSwiftPackageProductDependency section */
	};
	rootObject = 7DB17DFF290321F30052E526 /* Project object */;
}
